{
  "name": "pokedex",
  "version": "1.0.0",
  "lockfileVersion": 1,
  "requires": true,
  "dependencies": {
    "@types/parcel-env": {
      "version": "0.0.0",
      "resolved": "https://registry.npmjs.org/@types/parcel-env/-/parcel-env-0.0.0.tgz",
      "integrity": "sha512-GcmAgBcg/SG5Hy3MVvcTRXf4PUIxQoNUMCjTvG6DSWAfoFwd1FKG0HxVZqHgRE4JuusR6DTrNetKi2WliIiY/g=="
    }
  }
}
